// !$*UTF8*$!
{
	archiveVersion = 1;
	classes = {
	};
	objectVersion = 46;
	objects = {

/* Begin PBXBuildFile section */
		D52093201D8547FF00E2B644 /* AppDelegate.swift in Sources */ = {isa = PBXBuildFile; fileRef = D520931F1D8547FF00E2B644 /* AppDelegate.swift */; };
		D52093221D8547FF00E2B644 /* Assets.xcassets in Resources */ = {isa = PBXBuildFile; fileRef = D52093211D8547FF00E2B644 /* Assets.xcassets */; };
		D52093251D8547FF00E2B644 /* MainMenu.xib in Resources */ = {isa = PBXBuildFile; fileRef = D52093231D8547FF00E2B644 /* MainMenu.xib */; };
		D52093501D854A1700E2B644 /* Cocoa.framework in Frameworks */ = {isa = PBXBuildFile; fileRef = D52092FB1D8545FA00E2B644 /* Cocoa.framework */; };
		D52093551D854A1700E2B644 /* SourceEditorExtension.swift in Sources */ = {isa = PBXBuildFile; fileRef = D52093541D854A1700E2B644 /* SourceEditorExtension.swift */; };
		D52093571D854A1700E2B644 /* SourceEditorCommand.swift in Sources */ = {isa = PBXBuildFile; fileRef = D52093561D854A1700E2B644 /* SourceEditorCommand.swift */; };
		D520935B1D854A1700E2B644 /* Generate Swift Initializer.appex in Embed App Extensions */ = {isa = PBXBuildFile; fileRef = D520934F1D854A1700E2B644 /* Generate Swift Initializer.appex */; settings = {ATTRIBUTES = (RemoveHeadersOnCopy, ); }; };
		D52093601D85505400E2B644 /* NSScanner+Swift.swift in Sources */ = {isa = PBXBuildFile; fileRef = D520935F1D85505400E2B644 /* NSScanner+Swift.swift */; };
/* End PBXBuildFile section */

/* Begin PBXContainerItemProxy section */
		D52093591D854A1700E2B644 /* PBXContainerItemProxy */ = {
			isa = PBXContainerItemProxy;
			containerPortal = D52092DD1D8545E400E2B644 /* Project object */;
			proxyType = 1;
			remoteGlobalIDString = D520934E1D854A1700E2B644;
			remoteInfo = GenerateSwiftInitializer;
		};
/* End PBXContainerItemProxy section */

/* Begin PBXCopyFilesBuildPhase section */
		D520933E1D85480A00E2B644 /* Embed App Extensions */ = {
			isa = PBXCopyFilesBuildPhase;
			buildActionMask = 2147483647;
			dstPath = "";
			dstSubfolderSpec = 13;
			files = (
				D520935B1D854A1700E2B644 /* Generate Swift Initializer.appex in Embed App Extensions */,
			);
			name = "Embed App Extensions";
			runOnlyForDeploymentPostprocessing = 0;
		};
/* End PBXCopyFilesBuildPhase section */

/* Begin PBXFileReference section */
		D52092FB1D8545FA00E2B644 /* Cocoa.framework */ = {isa = PBXFileReference; lastKnownFileType = wrapper.framework; name = Cocoa.framework; path = System/Library/Frameworks/Cocoa.framework; sourceTree = SDKROOT; };
		D520931D1D8547FF00E2B644 /* HostApp.app */ = {isa = PBXFileReference; explicitFileType = wrapper.application; includeInIndex = 0; path = HostApp.app; sourceTree = BUILT_PRODUCTS_DIR; };
		D520931F1D8547FF00E2B644 /* AppDelegate.swift */ = {isa = PBXFileReference; lastKnownFileType = sourcecode.swift; path = AppDelegate.swift; sourceTree = "<group>"; };
		D52093211D8547FF00E2B644 /* Assets.xcassets */ = {isa = PBXFileReference; lastKnownFileType = folder.assetcatalog; path = Assets.xcassets; sourceTree = "<group>"; };
		D52093241D8547FF00E2B644 /* Base */ = {isa = PBXFileReference; lastKnownFileType = file.xib; name = Base; path = Base.lproj/MainMenu.xib; sourceTree = "<group>"; };
		D52093261D8547FF00E2B644 /* Info.plist */ = {isa = PBXFileReference; lastKnownFileType = text.plist.xml; path = Info.plist; sourceTree = "<group>"; };
		D520934F1D854A1700E2B644 /* Generate Swift Initializer.appex */ = {isa = PBXFileReference; explicitFileType = "wrapper.app-extension"; includeInIndex = 0; path = "Generate Swift Initializer.appex"; sourceTree = BUILT_PRODUCTS_DIR; };
		D52093531D854A1700E2B644 /* GenerateSwiftInitializer.entitlements */ = {isa = PBXFileReference; lastKnownFileType = text.plist.entitlements; path = GenerateSwiftInitializer.entitlements; sourceTree = "<group>"; };
		D52093541D854A1700E2B644 /* SourceEditorExtension.swift */ = {isa = PBXFileReference; lastKnownFileType = sourcecode.swift; path = SourceEditorExtension.swift; sourceTree = "<group>"; };
		D52093561D854A1700E2B644 /* SourceEditorCommand.swift */ = {isa = PBXFileReference; lastKnownFileType = sourcecode.swift; path = SourceEditorCommand.swift; sourceTree = "<group>"; };
		D52093581D854A1700E2B644 /* Info.plist */ = {isa = PBXFileReference; lastKnownFileType = text.plist.xml; path = Info.plist; sourceTree = "<group>"; };
		D520935F1D85505400E2B644 /* NSScanner+Swift.swift */ = {isa = PBXFileReference; fileEncoding = 4; lastKnownFileType = sourcecode.swift; path = "NSScanner+Swift.swift"; sourceTree = "<group>"; };
/* End PBXFileReference section */

/* Begin PBXFrameworksBuildPhase section */
		D520931A1D8547FF00E2B644 /* Frameworks */ = {
			isa = PBXFrameworksBuildPhase;
			buildActionMask = 2147483647;
			files = (
			);
			runOnlyForDeploymentPostprocessing = 0;
		};
		D520934C1D854A1700E2B644 /* Frameworks */ = {
			isa = PBXFrameworksBuildPhase;
			buildActionMask = 2147483647;
			files = (
				D52093501D854A1700E2B644 /* Cocoa.framework in Frameworks */,
			);
			runOnlyForDeploymentPostprocessing = 0;
		};
/* End PBXFrameworksBuildPhase section */

/* Begin PBXGroup section */
		D52092DC1D8545E400E2B644 = {
			isa = PBXGroup;
			children = (
				D520931E1D8547FF00E2B644 /* HostApp */,
				D52093511D854A1700E2B644 /* GenerateSwiftInitializer */,
				D52092FA1D8545FA00E2B644 /* Frameworks */,
				D52092E61D8545E400E2B644 /* Products */,
			);
			sourceTree = "<group>";
		};
		D52092E61D8545E400E2B644 /* Products */ = {
			isa = PBXGroup;
			children = (
				D520931D1D8547FF00E2B644 /* HostApp.app */,
				D520934F1D854A1700E2B644 /* Generate Swift Initializer.appex */,
			);
			name = Products;
			sourceTree = "<group>";
		};
		D52092FA1D8545FA00E2B644 /* Frameworks */ = {
			isa = PBXGroup;
			children = (
				D52092FB1D8545FA00E2B644 /* Cocoa.framework */,
			);
			name = Frameworks;
			sourceTree = "<group>";
		};
		D520931E1D8547FF00E2B644 /* HostApp */ = {
			isa = PBXGroup;
			children = (
				D520931F1D8547FF00E2B644 /* AppDelegate.swift */,
				D52093211D8547FF00E2B644 /* Assets.xcassets */,
				D52093231D8547FF00E2B644 /* MainMenu.xib */,
				D52093261D8547FF00E2B644 /* Info.plist */,
			);
			path = HostApp;
			sourceTree = "<group>";
		};
		D52093511D854A1700E2B644 /* GenerateSwiftInitializer */ = {
			isa = PBXGroup;
			children = (
				D520935F1D85505400E2B644 /* NSScanner+Swift.swift */,
				D52093541D854A1700E2B644 /* SourceEditorExtension.swift */,
				D52093561D854A1700E2B644 /* SourceEditorCommand.swift */,
				D52093581D854A1700E2B644 /* Info.plist */,
				D52093521D854A1700E2B644 /* Supporting Files */,
			);
			path = GenerateSwiftInitializer;
			sourceTree = "<group>";
		};
		D52093521D854A1700E2B644 /* Supporting Files */ = {
			isa = PBXGroup;
			children = (
				D52093531D854A1700E2B644 /* GenerateSwiftInitializer.entitlements */,
			);
			name = "Supporting Files";
			sourceTree = "<group>";
		};
/* End PBXGroup section */

/* Begin PBXNativeTarget section */
		D520931C1D8547FF00E2B644 /* HostApp */ = {
			isa = PBXNativeTarget;
			buildConfigurationList = D52093271D8547FF00E2B644 /* Build configuration list for PBXNativeTarget "HostApp" */;
			buildPhases = (
				D52093191D8547FF00E2B644 /* Sources */,
				D520931A1D8547FF00E2B644 /* Frameworks */,
				D520931B1D8547FF00E2B644 /* Resources */,
				D520933E1D85480A00E2B644 /* Embed App Extensions */,
			);
			buildRules = (
			);
			dependencies = (
				D520935A1D854A1700E2B644 /* PBXTargetDependency */,
			);
			name = HostApp;
			productName = HostApp;
			productReference = D520931D1D8547FF00E2B644 /* HostApp.app */;
			productType = "com.apple.product-type.application";
		};
		D520934E1D854A1700E2B644 /* GenerateSwiftInitializer */ = {
			isa = PBXNativeTarget;
			buildConfigurationList = D520935C1D854A1700E2B644 /* Build configuration list for PBXNativeTarget "GenerateSwiftInitializer" */;
			buildPhases = (
				D520934B1D854A1700E2B644 /* Sources */,
				D520934C1D854A1700E2B644 /* Frameworks */,
				D520934D1D854A1700E2B644 /* Resources */,
			);
			buildRules = (
			);
			dependencies = (
			);
			name = GenerateSwiftInitializer;
			productName = GenerateSwiftInitializer;
			productReference = D520934F1D854A1700E2B644 /* Generate Swift Initializer.appex */;
			productType = "com.apple.product-type.xcode-extension";
		};
/* End PBXNativeTarget section */

/* Begin PBXProject section */
		D52092DD1D8545E400E2B644 /* Project object */ = {
			isa = PBXProject;
			attributes = {
				LastSwiftUpdateCheck = 0800;
				LastUpgradeCheck = 0800;
				ORGANIZATIONNAME = "Bouke Haarsma";
				TargetAttributes = {
					D520931C1D8547FF00E2B644 = {
						CreatedOnToolsVersion = 8.0;
						DevelopmentTeam = GB42FB575L;
						ProvisioningStyle = Automatic;
					};
					D520934E1D854A1700E2B644 = {
						CreatedOnToolsVersion = 8.0;
						DevelopmentTeam = GB42FB575L;
						ProvisioningStyle = Automatic;
					};
				};
			};
			buildConfigurationList = D52092E01D8545E400E2B644 /* Build configuration list for PBXProject "GenerateSwiftInitializer" */;
			compatibilityVersion = "Xcode 3.2";
			developmentRegion = English;
			hasScannedForEncodings = 0;
			knownRegions = (
				en,
				Base,
			);
			mainGroup = D52092DC1D8545E400E2B644;
			productRefGroup = D52092E61D8545E400E2B644 /* Products */;
			projectDirPath = "";
			projectRoot = "";
			targets = (
				D520931C1D8547FF00E2B644 /* HostApp */,
				D520934E1D854A1700E2B644 /* GenerateSwiftInitializer */,
			);
		};
/* End PBXProject section */

/* Begin PBXResourcesBuildPhase section */
		D520931B1D8547FF00E2B644 /* Resources */ = {
			isa = PBXResourcesBuildPhase;
			buildActionMask = 2147483647;
			files = (
				D52093221D8547FF00E2B644 /* Assets.xcassets in Resources */,
				D52093251D8547FF00E2B644 /* MainMenu.xib in Resources */,
			);
			runOnlyForDeploymentPostprocessing = 0;
		};
		D520934D1D854A1700E2B644 /* Resources */ = {
			isa = PBXResourcesBuildPhase;
			buildActionMask = 2147483647;
			files = (
			);
			runOnlyForDeploymentPostprocessing = 0;
		};
/* End PBXResourcesBuildPhase section */

/* Begin PBXSourcesBuildPhase section */
		D52093191D8547FF00E2B644 /* Sources */ = {
			isa = PBXSourcesBuildPhase;
			buildActionMask = 2147483647;
			files = (
				D52093201D8547FF00E2B644 /* AppDelegate.swift in Sources */,
			);
			runOnlyForDeploymentPostprocessing = 0;
		};
		D520934B1D854A1700E2B644 /* Sources */ = {
			isa = PBXSourcesBuildPhase;
			buildActionMask = 2147483647;
			files = (
				D52093601D85505400E2B644 /* NSScanner+Swift.swift in Sources */,
				D52093551D854A1700E2B644 /* SourceEditorExtension.swift in Sources */,
				D52093571D854A1700E2B644 /* SourceEditorCommand.swift in Sources */,
			);
			runOnlyForDeploymentPostprocessing = 0;
		};
/* End PBXSourcesBuildPhase section */

/* Begin PBXTargetDependency section */
		D520935A1D854A1700E2B644 /* PBXTargetDependency */ = {
			isa = PBXTargetDependency;
			target = D520934E1D854A1700E2B644 /* GenerateSwiftInitializer */;
			targetProxy = D52093591D854A1700E2B644 /* PBXContainerItemProxy */;
		};
/* End PBXTargetDependency section */

/* Begin PBXVariantGroup section */
		D52093231D8547FF00E2B644 /* MainMenu.xib */ = {
			isa = PBXVariantGroup;
			children = (
				D52093241D8547FF00E2B644 /* Base */,
			);
			name = MainMenu.xib;
			sourceTree = "<group>";
		};
/* End PBXVariantGroup section */

/* Begin XCBuildConfiguration section */
		D52092F01D8545E400E2B644 /* Debug */ = {
			isa = XCBuildConfiguration;
			buildSettings = {
				ALWAYS_SEARCH_USER_PATHS = NO;
				CLANG_ANALYZER_NONNULL = YES;
				CLANG_CXX_LANGUAGE_STANDARD = "gnu++0x";
				CLANG_CXX_LIBRARY = "libc++";
				CLANG_ENABLE_MODULES = YES;
				CLANG_ENABLE_OBJC_ARC = YES;
				CLANG_WARN_BOOL_CONVERSION = YES;
				CLANG_WARN_CONSTANT_CONVERSION = YES;
				CLANG_WARN_DIRECT_OBJC_ISA_USAGE = YES_ERROR;
				CLANG_WARN_DOCUMENTATION_COMMENTS = YES;
				CLANG_WARN_EMPTY_BODY = YES;
				CLANG_WARN_ENUM_CONVERSION = YES;
				CLANG_WARN_INFINITE_RECURSION = YES;
				CLANG_WARN_INT_CONVERSION = YES;
				CLANG_WARN_OBJC_ROOT_CLASS = YES_ERROR;
				CLANG_WARN_SUSPICIOUS_MOVES = YES;
				CLANG_WARN_UNREACHABLE_CODE = YES;
				CLANG_WARN__DUPLICATE_METHOD_MATCH = YES;
				CODE_SIGN_IDENTITY = "-";
				COPY_PHASE_STRIP = NO;
				DEBUG_INFORMATION_FORMAT = dwarf;
				ENABLE_STRICT_OBJC_MSGSEND = YES;
				ENABLE_TESTABILITY = YES;
				GCC_C_LANGUAGE_STANDARD = gnu99;
				GCC_DYNAMIC_NO_PIC = NO;
				GCC_NO_COMMON_BLOCKS = YES;
				GCC_OPTIMIZATION_LEVEL = 0;
				GCC_PREPROCESSOR_DEFINITIONS = (
					"DEBUG=1",
					"$(inherited)",
				);
				GCC_WARN_64_TO_32_BIT_CONVERSION = YES;
				GCC_WARN_ABOUT_RETURN_TYPE = YES_ERROR;
				GCC_WARN_UNDECLARED_SELECTOR = YES;
				GCC_WARN_UNINITIALIZED_AUTOS = YES_AGGRESSIVE;
				GCC_WARN_UNUSED_FUNCTION = YES;
				GCC_WARN_UNUSED_VARIABLE = YES;
				MACOSX_DEPLOYMENT_TARGET = 10.11;
				MTL_ENABLE_DEBUG_INFO = YES;
				ONLY_ACTIVE_ARCH = YES;
				SDKROOT = macosx;
				SWIFT_ACTIVE_COMPILATION_CONDITIONS = DEBUG;
				SWIFT_OPTIMIZATION_LEVEL = "-Onone";
			};
			name = Debug;
		};
		D52092F11D8545E400E2B644 /* Release */ = {
			isa = XCBuildConfiguration;
			buildSettings = {
				ALWAYS_SEARCH_USER_PATHS = NO;
				CLANG_ANALYZER_NONNULL = YES;
				CLANG_CXX_LANGUAGE_STANDARD = "gnu++0x";
				CLANG_CXX_LIBRARY = "libc++";
				CLANG_ENABLE_MODULES = YES;
				CLANG_ENABLE_OBJC_ARC = YES;
				CLANG_WARN_BOOL_CONVERSION = YES;
				CLANG_WARN_CONSTANT_CONVERSION = YES;
				CLANG_WARN_DIRECT_OBJC_ISA_USAGE = YES_ERROR;
				CLANG_WARN_DOCUMENTATION_COMMENTS = YES;
				CLANG_WARN_EMPTY_BODY = YES;
				CLANG_WARN_ENUM_CONVERSION = YES;
				CLANG_WARN_INFINITE_RECURSION = YES;
				CLANG_WARN_INT_CONVERSION = YES;
				CLANG_WARN_OBJC_ROOT_CLASS = YES_ERROR;
				CLANG_WARN_SUSPICIOUS_MOVES = YES;
				CLANG_WARN_UNREACHABLE_CODE = YES;
				CLANG_WARN__DUPLICATE_METHOD_MATCH = YES;
				CODE_SIGN_IDENTITY = "-";
				COPY_PHASE_STRIP = NO;
				DEBUG_INFORMATION_FORMAT = "dwarf-with-dsym";
				ENABLE_NS_ASSERTIONS = NO;
				ENABLE_STRICT_OBJC_MSGSEND = YES;
				GCC_C_LANGUAGE_STANDARD = gnu99;
				GCC_NO_COMMON_BLOCKS = YES;
				GCC_WARN_64_TO_32_BIT_CONVERSION = YES;
				GCC_WARN_ABOUT_RETURN_TYPE = YES_ERROR;
				GCC_WARN_UNDECLARED_SELECTOR = YES;
				GCC_WARN_UNINITIALIZED_AUTOS = YES_AGGRESSIVE;
				GCC_WARN_UNUSED_FUNCTION = YES;
				GCC_WARN_UNUSED_VARIABLE = YES;
				MACOSX_DEPLOYMENT_TARGET = 10.11;
				MTL_ENABLE_DEBUG_INFO = NO;
				SDKROOT = macosx;
				SWIFT_OPTIMIZATION_LEVEL = "-Owholemodule";
			};
			name = Release;
		};
		D52093281D8547FF00E2B644 /* Debug */ = {
			isa = XCBuildConfiguration;
			buildSettings = {
				ALWAYS_EMBED_SWIFT_STANDARD_LIBRARIES = YES;
				ASSETCATALOG_COMPILER_APPICON_NAME = AppIcon;
				CODE_SIGN_IDENTITY = "Mac Developer";
				COMBINE_HIDPI_IMAGES = YES;
				DEVELOPMENT_TEAM = GB42FB575L;
				INFOPLIST_FILE = HostApp/Info.plist;
				LD_RUNPATH_SEARCH_PATHS = "$(inherited) @executable_path/../Frameworks";
				PRODUCT_BUNDLE_IDENTIFIER = nl.webatom.HostApp;
				PRODUCT_NAME = "$(TARGET_NAME)";
				SWIFT_VERSION = 3.0;
			};
			name = Debug;
		};
		D52093291D8547FF00E2B644 /* Release */ = {
			isa = XCBuildConfiguration;
			buildSettings = {
				ALWAYS_EMBED_SWIFT_STANDARD_LIBRARIES = YES;
				ASSETCATALOG_COMPILER_APPICON_NAME = AppIcon;
				CODE_SIGN_IDENTITY = "Mac Developer";
				COMBINE_HIDPI_IMAGES = YES;
				DEVELOPMENT_TEAM = GB42FB575L;
				INFOPLIST_FILE = HostApp/Info.plist;
				LD_RUNPATH_SEARCH_PATHS = "$(inherited) @executable_path/../Frameworks";
				PRODUCT_BUNDLE_IDENTIFIER = nl.webatom.HostApp;
				PRODUCT_NAME = "$(TARGET_NAME)";
				SWIFT_VERSION = 3.0;
			};
			name = Release;
		};
		D520935D1D854A1700E2B644 /* Debug */ = {
			isa = XCBuildConfiguration;
			buildSettings = {
				CODE_SIGN_ENTITLEMENTS = GenerateSwiftInitializer/GenerateSwiftInitializer.entitlements;
				CODE_SIGN_IDENTITY = "Mac Developer";
				COMBINE_HIDPI_IMAGES = YES;
				DEVELOPMENT_TEAM = GB42FB575L;
				INFOPLIST_FILE = GenerateSwiftInitializer/Info.plist;
				LD_RUNPATH_SEARCH_PATHS = "$(inherited) @executable_path/../Frameworks @executable_path/../../../../Frameworks";
				MACOSX_DEPLOYMENT_TARGET = 10.11;
				PRODUCT_BUNDLE_IDENTIFIER = nl.webatom.HostApp.GenerateSwiftInitializer;
				PRODUCT_NAME = "Generate Swift Initializer";
				SKIP_INSTALL = YES;
				SWIFT_VERSION = 3.0;
			};
			name = Debug;
		};
		D520935E1D854A1700E2B644 /* Release */ = {
			isa = XCBuildConfiguration;
			buildSettings = {
				CODE_SIGN_ENTITLEMENTS = GenerateSwiftInitializer/GenerateSwiftInitializer.entitlements;
				CODE_SIGN_IDENTITY = "Mac Developer";
				COMBINE_HIDPI_IMAGES = YES;
				DEVELOPMENT_TEAM = GB42FB575L;
				INFOPLIST_FILE = GenerateSwiftInitializer/Info.plist;
				LD_RUNPATH_SEARCH_PATHS = "$(inherited) @executable_path/../Frameworks @executable_path/../../../../Frameworks";
				MACOSX_DEPLOYMENT_TARGET = 10.11;
				PRODUCT_BUNDLE_IDENTIFIER = nl.webatom.HostApp.GenerateSwiftInitializer;
				PRODUCT_NAME = "Generate Swift Initializer";
				SKIP_INSTALL = YES;
				SWIFT_VERSION = 3.0;
			};
			name = Release;
		};
/* End XCBuildConfiguration section */

/* Begin XCConfigurationList section */
		D52092E01D8545E400E2B644 /* Build configuration list for PBXProject "GenerateSwiftInitializer" */ = {
			isa = XCConfigurationList;
			buildConfigurations = (
				D52092F01D8545E400E2B644 /* Debug */,
				D52092F11D8545E400E2B644 /* Release */,
			);
			defaultConfigurationIsVisible = 0;
			defaultConfigurationName = Release;
		};
		D52093271D8547FF00E2B644 /* Build configuration list for PBXNativeTarget "HostApp" */ = {
			isa = XCConfigurationList;
			buildConfigurations = (
				D52093281D8547FF00E2B644 /* Debug */,
				D52093291D8547FF00E2B644 /* Release */,
			);
			defaultConfigurationIsVisible = 0;
			defaultConfigurationName = Release;
		};
		D520935C1D854A1700E2B644 /* Build configuration list for PBXNativeTarget "GenerateSwiftInitializer" */ = {
			isa = XCConfigurationList;
			buildConfigurations = (
				D520935D1D854A1700E2B644 /* Debug */,
				D520935E1D854A1700E2B644 /* Release */,
			);
			defaultConfigurationIsVisible = 0;
			defaultConfigurationName = Release;
		};
/* End XCConfigurationList section */
	};
	rootObject = D52092DD1D8545E400E2B644 /* Project object */;
}
